
Microsoft Visual Studio Solution File, Format Version 12.00
# Visual Studio Version 16
VisualStudioVersion = 16.0.29326.143
MinimumVisualStudioVersion = 10.0.40219.1
Project("{9A19103F-16F7-4668-BE54-9A1E7A4F7556}") = "Matchbook.Model", "Matchbook.Model\Matchbook.Model.csproj", "{D8416907-326F-4EBC-8F12-297E14E94FB0}"
EndProject
Project("{9A19103F-16F7-4668-BE54-9A1E7A4F7556}") = "Matchbook.Tests", "Matchbook.Tests\Matchbook.Tests.csproj", "{CC6A7C6D-FC41-47CF-898E-310DB787F508}"
EndProject
Project("{9A19103F-16F7-4668-BE54-9A1E7A4F7556}") = "Matchbook.WebHost", "Matchbook.WebHost\Matchbook.WebHost.csproj", "{E900FD3E-CD2B-4603-ABA1-0F1795606719}"
EndProject
Project("{2150E333-8FDC-42A3-9474-1A3956D46DE8}") = "Solution Items", "Solution Items", "{9C8C772D-BC3C-4B07-A29C-3D7617D6B0E7}"
	ProjectSection(SolutionItems) = preProject
		azure-pipelines.yml = azure-pipelines.yml
		Directory.Build.props = Directory.Build.props
		README.md = README.md
		Scripts.ps1 = Scripts.ps1
	EndProjectSection
EndProject
Project("{9A19103F-16F7-4668-BE54-9A1E7A4F7556}") = "Matchbook.Db", "Matchbook.Db\Matchbook.Db.csproj", "{A9627E12-7186-4497-986E-EC260EB5A145}"
EndProject
Project("{9A19103F-16F7-4668-BE54-9A1E7A4F7556}") = "Matchbook.Db.TestData", "Matchbook.Db.TestData\Matchbook.Db.TestData.csproj", "{9FCC16D8-9DFC-47C4-86D4-E00F241772E3}"
EndProject
Project("{9A19103F-16F7-4668-BE54-9A1E7A4F7556}") = "Matchbook.Business", "Matchbook.Business\Matchbook.Business.csproj", "{4A034208-47A8-4E15-82A6-13D434D2F98C}"
EndProject
Global
	GlobalSection(SolutionConfigurationPlatforms) = preSolution
		Debug|Any CPU = Debug|Any CPU
		Release|Any CPU = Release|Any CPU
	EndGlobalSection
	GlobalSection(ProjectConfigurationPlatforms) = postSolution
		{D8416907-326F-4EBC-8F12-297E14E94FB0}.Debug|Any CPU.ActiveCfg = Debug|Any CPU
		{D8416907-326F-4EBC-8F12-297E14E94FB0}.Debug|Any CPU.Build.0 = Debug|Any CPU
		{D8416907-326F-4EBC-8F12-297E14E94FB0}.Release|Any CPU.ActiveCfg = Release|Any CPU
		{D8416907-326F-4EBC-8F12-297E14E94FB0}.Release|Any CPU.Build.0 = Release|Any CPU
		{CC6A7C6D-FC41-47CF-898E-310DB787F508}.Debug|Any CPU.ActiveCfg = Debug|Any CPU
		{CC6A7C6D-FC41-47CF-898E-310DB787F508}.Debug|Any CPU.Build.0 = Debug|Any CPU
		{CC6A7C6D-FC41-47CF-898E-310DB787F508}.Release|Any CPU.ActiveCfg = Release|Any CPU
		{CC6A7C6D-FC41-47CF-898E-310DB787F508}.Release|Any CPU.Build.0 = Release|Any CPU
		{E900FD3E-CD2B-4603-ABA1-0F1795606719}.Debug|Any CPU.ActiveCfg = Debug|Any CPU
		{E900FD3E-CD2B-4603-ABA1-0F1795606719}.Debug|Any CPU.Build.0 = Debug|Any CPU
		{E900FD3E-CD2B-4603-ABA1-0F1795606719}.Release|Any CPU.ActiveCfg = Release|Any CPU
		{E900FD3E-CD2B-4603-ABA1-0F1795606719}.Release|Any CPU.Build.0 = Release|Any CPU
		{A9627E12-7186-4497-986E-EC260EB5A145}.Debug|Any CPU.ActiveCfg = Debug|Any CPU
		{A9627E12-7186-4497-986E-EC260EB5A145}.Debug|Any CPU.Build.0 = Debug|Any CPU
		{A9627E12-7186-4497-986E-EC260EB5A145}.Release|Any CPU.ActiveCfg = Release|Any CPU
		{A9627E12-7186-4497-986E-EC260EB5A145}.Release|Any CPU.Build.0 = Release|Any CPU
		{9FCC16D8-9DFC-47C4-86D4-E00F241772E3}.Debug|Any CPU.ActiveCfg = Debug|Any CPU
		{9FCC16D8-9DFC-47C4-86D4-E00F241772E3}.Debug|Any CPU.Build.0 = Debug|Any CPU
		{9FCC16D8-9DFC-47C4-86D4-E00F241772E3}.Release|Any CPU.ActiveCfg = Release|Any CPU
		{9FCC16D8-9DFC-47C4-86D4-E00F241772E3}.Release|Any CPU.Build.0 = Release|Any CPU
		{4A034208-47A8-4E15-82A6-13D434D2F98C}.Debug|Any CPU.ActiveCfg = Debug|Any CPU
		{4A034208-47A8-4E15-82A6-13D434D2F98C}.Debug|Any CPU.Build.0 = Debug|Any CPU
		{4A034208-47A8-4E15-82A6-13D434D2F98C}.Release|Any CPU.ActiveCfg = Release|Any CPU
		{4A034208-47A8-4E15-82A6-13D434D2F98C}.Release|Any CPU.Build.0 = Release|Any CPU
	EndGlobalSection
	GlobalSection(SolutionProperties) = preSolution
		HideSolutionNode = FALSE
	EndGlobalSection
	GlobalSection(ExtensibilityGlobals) = postSolution
		SolutionGuid = {D11D3D2B-5419-410E-B26A-D8419CA29DC8}
	EndGlobalSection
EndGlobal
